
Microsoft Visual Studio Solution File, Format Version 10.00
# Visual Studio 2008
Project("{8BC9CEB8-8B4A-11D0-8D11-00A0C91BC942}") = "ScpiProject", "ScpiProject.vcproj", "{DA25D2EF-700E-4559-8A7C-FF6C25719DA8}"
EndProject
Global
	GlobalSection(SolutionConfigurationPlatforms) = preSolution
		Debug|Win32 = Debug|Win32
		Release|Win32 = Release|Win32
	EndGlobalSection
	GlobalSection(ProjectConfigurationPlatforms) = postSolution
		{DA25D2EF-700E-4559-8A7C-FF6C25719DA8}.Debug|Win32.ActiveCfg = Debug|Win32
		{DA25D2EF-700E-4559-8A7C-FF6C25719DA8}.Debug|Win32.Build.0 = Debug|Win32
		{DA25D2EF-700E-4559-8A7C-FF6C25719DA8}.Release|Win32.ActiveCfg = Release|Win32
		{DA25D2EF-700E-4559-8A7C-FF6C25719DA8}.Release|Win32.Build.0 = Release|Win32
	EndGlobalSection
	GlobalSection(SolutionProperties) = preSolution
		HideSolutionNode = FALSE
	EndGlobalSection
EndGlobal
